
Microsoft Visual Studio Solution File, Format Version 12.00
# Visual Studio 14
VisualStudioVersion = 14.0.25420.1
MinimumVisualStudioVersion = 10.0.40219.1
Project("{FAE04EC0-301F-11D3-BF4B-00C04F79EFBC}") = "Home.WinForm", "01 Presentation  Layer\01 App\Home.WinForm\Home.WinForm.csproj", "{0B6010D2-57C8-46F7-BFA6-E77F3CB2C1DD}"
EndProject
Project("{FAE04EC0-301F-11D3-BF4B-00C04F79EFBC}") = "Home.AppGtk", "01 Presentation  Layer\01 App\Home.AppGtk\Home.AppGtk.csproj", "{12330DB3-8B0D-40A4-9E4C-81C510BF2F30}"
EndProject
Project("{FAE04EC0-301F-11D3-BF4B-00C04F79EFBC}") = "Home.WPF", "01 Presentation  Layer\01 App\Home.WPF\Home.WPF.csproj", "{D02A3764-C67C-4CE4-A876-D68946B3EE23}"
EndProject
Project("{FAE04EC0-301F-11D3-BF4B-00C04F79EFBC}") = "Home.AppWeb", "01 Presentation  Layer\01 App\Home.AppWeb\Home.AppWeb.csproj", "{219D324E-F8A3-44E3-A2B7-EFE718A2BD80}"
EndProject
Project("{2150E333-8FDC-42A3-9474-1A3956D46DE8}") = "Mono", "Mono", "{AE9C2364-E829-4D00-A5FD-92EB9EF05F4D}"
EndProject
Project("{2150E333-8FDC-42A3-9474-1A3956D46DE8}") = "Win", "Win", "{09EB09A3-C6A3-4934-AD72-384F519DA20D}"
EndProject
Project("{2150E333-8FDC-42A3-9474-1A3956D46DE8}") = "Web", "Web", "{C64BFCD3-AA32-45BA-A98C-2011F2500170}"
EndProject
Project("{2150E333-8FDC-42A3-9474-1A3956D46DE8}") = "Form", "Form", "{E83E9E4F-9A91-449F-8B8A-7D40FF2C9AD6}"
EndProject
Project("{2150E333-8FDC-42A3-9474-1A3956D46DE8}") = "Xmal", "Xmal", "{BF5E5ED0-D7E7-4305-96BB-AAF9FF9B2219}"
EndProject
Project("{8BB2217D-0F2D-49D1-97BC-3654ED321F3B}") = "Home.Client", "01 Presentation  Layer\01 App\Home.Client\Home.Client.xproj", "{BE2CE6E8-7D34-449C-AC58-6EC1B7FC59D4}"
EndProject
Project("{8BB2217D-0F2D-49D1-97BC-3654ED321F3B}") = "Home.WebApplication", "01 Presentation  Layer\01 App\Home.WebApplication\Home.WebApplication.xproj", "{007C3314-55A1-456E-B85D-1066D4D91287}"
EndProject
Project("{2150E333-8FDC-42A3-9474-1A3956D46DE8}") = "Core", "Core", "{5B6CE494-8E90-4D31-B2C5-81579EBF1951}"
EndProject
Global
	GlobalSection(SolutionConfigurationPlatforms) = preSolution
		Debug|Any CPU = Debug|Any CPU
		Release|Any CPU = Release|Any CPU
	EndGlobalSection
	GlobalSection(ProjectConfigurationPlatforms) = postSolution
		{0B6010D2-57C8-46F7-BFA6-E77F3CB2C1DD}.Debug|Any CPU.ActiveCfg = Debug|Any CPU
		{0B6010D2-57C8-46F7-BFA6-E77F3CB2C1DD}.Debug|Any CPU.Build.0 = Debug|Any CPU
		{0B6010D2-57C8-46F7-BFA6-E77F3CB2C1DD}.Release|Any CPU.ActiveCfg = Release|Any CPU
		{0B6010D2-57C8-46F7-BFA6-E77F3CB2C1DD}.Release|Any CPU.Build.0 = Release|Any CPU
		{12330DB3-8B0D-40A4-9E4C-81C510BF2F30}.Debug|Any CPU.ActiveCfg = Debug|Any CPU
		{12330DB3-8B0D-40A4-9E4C-81C510BF2F30}.Debug|Any CPU.Build.0 = Debug|Any CPU
		{12330DB3-8B0D-40A4-9E4C-81C510BF2F30}.Release|Any CPU.ActiveCfg = Release|Any CPU
		{12330DB3-8B0D-40A4-9E4C-81C510BF2F30}.Release|Any CPU.Build.0 = Release|Any CPU
		{D02A3764-C67C-4CE4-A876-D68946B3EE23}.Debug|Any CPU.ActiveCfg = Debug|Any CPU
		{D02A3764-C67C-4CE4-A876-D68946B3EE23}.Debug|Any CPU.Build.0 = Debug|Any CPU
		{D02A3764-C67C-4CE4-A876-D68946B3EE23}.Release|Any CPU.ActiveCfg = Release|Any CPU
		{D02A3764-C67C-4CE4-A876-D68946B3EE23}.Release|Any CPU.Build.0 = Release|Any CPU
		{219D324E-F8A3-44E3-A2B7-EFE718A2BD80}.Debug|Any CPU.ActiveCfg = Debug|Any CPU
		{219D324E-F8A3-44E3-A2B7-EFE718A2BD80}.Debug|Any CPU.Build.0 = Debug|Any CPU
		{219D324E-F8A3-44E3-A2B7-EFE718A2BD80}.Release|Any CPU.ActiveCfg = Release|Any CPU
		{219D324E-F8A3-44E3-A2B7-EFE718A2BD80}.Release|Any CPU.Build.0 = Release|Any CPU
		{BE2CE6E8-7D34-449C-AC58-6EC1B7FC59D4}.Debug|Any CPU.ActiveCfg = Debug|Any CPU
		{BE2CE6E8-7D34-449C-AC58-6EC1B7FC59D4}.Debug|Any CPU.Build.0 = Debug|Any CPU
		{BE2CE6E8-7D34-449C-AC58-6EC1B7FC59D4}.Release|Any CPU.ActiveCfg = Release|Any CPU
		{BE2CE6E8-7D34-449C-AC58-6EC1B7FC59D4}.Release|Any CPU.Build.0 = Release|Any CPU
		{007C3314-55A1-456E-B85D-1066D4D91287}.Debug|Any CPU.ActiveCfg = Debug|Any CPU
		{007C3314-55A1-456E-B85D-1066D4D91287}.Debug|Any CPU.Build.0 = Debug|Any CPU
		{007C3314-55A1-456E-B85D-1066D4D91287}.Release|Any CPU.ActiveCfg = Release|Any CPU
		{007C3314-55A1-456E-B85D-1066D4D91287}.Release|Any CPU.Build.0 = Release|Any CPU
	EndGlobalSection
	GlobalSection(SolutionProperties) = preSolution
		HideSolutionNode = FALSE
	EndGlobalSection
	GlobalSection(NestedProjects) = preSolution
		{0B6010D2-57C8-46F7-BFA6-E77F3CB2C1DD} = {E83E9E4F-9A91-449F-8B8A-7D40FF2C9AD6}
		{12330DB3-8B0D-40A4-9E4C-81C510BF2F30} = {AE9C2364-E829-4D00-A5FD-92EB9EF05F4D}
		{D02A3764-C67C-4CE4-A876-D68946B3EE23} = {BF5E5ED0-D7E7-4305-96BB-AAF9FF9B2219}
		{219D324E-F8A3-44E3-A2B7-EFE718A2BD80} = {C64BFCD3-AA32-45BA-A98C-2011F2500170}
		{AE9C2364-E829-4D00-A5FD-92EB9EF05F4D} = {09EB09A3-C6A3-4934-AD72-384F519DA20D}
		{E83E9E4F-9A91-449F-8B8A-7D40FF2C9AD6} = {09EB09A3-C6A3-4934-AD72-384F519DA20D}
		{BF5E5ED0-D7E7-4305-96BB-AAF9FF9B2219} = {09EB09A3-C6A3-4934-AD72-384F519DA20D}
		{BE2CE6E8-7D34-449C-AC58-6EC1B7FC59D4} = {5B6CE494-8E90-4D31-B2C5-81579EBF1951}
		{007C3314-55A1-456E-B85D-1066D4D91287} = {5B6CE494-8E90-4D31-B2C5-81579EBF1951}
	EndGlobalSection
EndGlobal
