
Microsoft Visual Studio Solution File, Format Version 12.00
# Visual Studio 14
VisualStudioVersion = 14.0.25420.1
MinimumVisualStudioVersion = 10.0.40219.1
Project("{FAE04EC0-301F-11D3-BF4B-00C04F79EFBC}") = "Home.WinForm", "01 Presentation  Layer\01 App\Home.WinForm\Home.WinForm.csproj", "{0B6010D2-57C8-46F7-BFA6-E77F3CB2C1DD}"
EndProject
Project("{2150E333-8FDC-42A3-9474-1A3956D46DE8}") = "Win", "Win", "{09EB09A3-C6A3-4934-AD72-384F519DA20D}"
EndProject
Project("{2150E333-8FDC-42A3-9474-1A3956D46DE8}") = "Web", "Web", "{C64BFCD3-AA32-45BA-A98C-2011F2500170}"
EndProject
Project("{2150E333-8FDC-42A3-9474-1A3956D46DE8}") = "Form", "Form", "{E83E9E4F-9A91-449F-8B8A-7D40FF2C9AD6}"
EndProject
Project("{2150E333-8FDC-42A3-9474-1A3956D46DE8}") = "Xmal", "Xmal", "{BF5E5ED0-D7E7-4305-96BB-AAF9FF9B2219}"
EndProject
Project("{2150E333-8FDC-42A3-9474-1A3956D46DE8}") = "Core", "Core", "{5B6CE494-8E90-4D31-B2C5-81579EBF1951}"
EndProject
Project("{FAE04EC0-301F-11D3-BF4B-00C04F79EFBC}") = "Home.MVCWeb", "01 Presentation  Layer\01 App\Home.MVCWeb\Home.MVCWeb.csproj", "{CE44C8E6-553B-4888-9908-0FC21F27F096}"
EndProject
Project("{2150E333-8FDC-42A3-9474-1A3956D46DE8}") = "MAC", "MAC", "{C0F1AA03-6FF3-43E8-899A-6F27B84EB298}"
EndProject
Project("{FAE04EC0-301F-11D3-BF4B-00C04F79EFBC}") = "Home.WebUI", "01 Presentation  Layer\01 App\Home.WebUI\Home.WebUI.csproj", "{7772226A-96C3-4EFF-92FF-9227A16AF759}"
EndProject
Project("{FAE04EC0-301F-11D3-BF4B-00C04F79EFBC}") = "Home.Mac", "01 Presentation  Layer\01 App\Home.Mac\Home.Mac.csproj", "{D3C9B8BB-87FF-4DDA-B575-7B6842B9A8A2}"
EndProject
Project("{9344BDBB-3E7F-41FC-A0DD-8665D75EE146}") = "Home.Client", "01 Presentation  Layer\01 App\Home.Client\Home.Client.xproj", "{80CA31F3-4D93-434E-8AC1-DDBC0270799E}"
EndProject
Project("{9344BDBB-3E7F-41FC-A0DD-8665D75EE146}") = "Home.WebApplication", "01 Presentation  Layer\01 App\Home.WebApplication\Home.WebApplication.xproj", "{D719B21E-42E3-4CA1-B77E-ABB4F198BE02}"
EndProject
Project("{FAE04EC0-301F-11D3-BF4B-00C04F79EFBC}") = "Home.Win.Applicatioin", "01 Presentation  Layer\01 App\Home.Win.Applicatioin\Home.Win.Applicatioin.csproj", "{4E0AC00D-5B67-4BD8-B5E6-11C50EFB85D4}"
EndProject
Project("{FAE04EC0-301F-11D3-BF4B-00C04F79EFBC}") = "Home.WPF", "01 Presentation  Layer\01 App\Home.WPF\Home.WPF.csproj", "{D02A3764-C67C-4CE4-A876-D68946B3EE23}"
EndProject
Global
	GlobalSection(SolutionConfigurationPlatforms) = preSolution
		Debug|Any CPU = Debug|Any CPU
		Release|Any CPU = Release|Any CPU
		Debug|iPhoneSimulator = Debug|iPhoneSimulator
		Release|iPhone = Release|iPhone
		Release|iPhoneSimulator = Release|iPhoneSimulator
		Debug|iPhone = Debug|iPhone
	EndGlobalSection
	GlobalSection(ProjectConfigurationPlatforms) = postSolution
		{0B6010D2-57C8-46F7-BFA6-E77F3CB2C1DD}.Debug|Any CPU.ActiveCfg = Debug|Any CPU
		{0B6010D2-57C8-46F7-BFA6-E77F3CB2C1DD}.Debug|Any CPU.Build.0 = Debug|Any CPU
		{0B6010D2-57C8-46F7-BFA6-E77F3CB2C1DD}.Release|Any CPU.ActiveCfg = Release|Any CPU
		{0B6010D2-57C8-46F7-BFA6-E77F3CB2C1DD}.Release|Any CPU.Build.0 = Release|Any CPU
		{0B6010D2-57C8-46F7-BFA6-E77F3CB2C1DD}.Debug|iPhoneSimulator.ActiveCfg = Debug|Any CPU
		{0B6010D2-57C8-46F7-BFA6-E77F3CB2C1DD}.Debug|iPhoneSimulator.Build.0 = Debug|Any CPU
		{0B6010D2-57C8-46F7-BFA6-E77F3CB2C1DD}.Release|iPhone.ActiveCfg = Release|Any CPU
		{0B6010D2-57C8-46F7-BFA6-E77F3CB2C1DD}.Release|iPhone.Build.0 = Release|Any CPU
		{0B6010D2-57C8-46F7-BFA6-E77F3CB2C1DD}.Release|iPhoneSimulator.ActiveCfg = Release|Any CPU
		{0B6010D2-57C8-46F7-BFA6-E77F3CB2C1DD}.Release|iPhoneSimulator.Build.0 = Release|Any CPU
		{0B6010D2-57C8-46F7-BFA6-E77F3CB2C1DD}.Debug|iPhone.ActiveCfg = Debug|Any CPU
		{0B6010D2-57C8-46F7-BFA6-E77F3CB2C1DD}.Debug|iPhone.Build.0 = Debug|Any CPU
		{CE44C8E6-553B-4888-9908-0FC21F27F096}.Debug|Any CPU.ActiveCfg = Debug|Any CPU
		{CE44C8E6-553B-4888-9908-0FC21F27F096}.Debug|Any CPU.Build.0 = Debug|Any CPU
		{CE44C8E6-553B-4888-9908-0FC21F27F096}.Release|Any CPU.ActiveCfg = Release|Any CPU
		{CE44C8E6-553B-4888-9908-0FC21F27F096}.Release|Any CPU.Build.0 = Release|Any CPU
		{CE44C8E6-553B-4888-9908-0FC21F27F096}.Debug|iPhoneSimulator.ActiveCfg = Debug|Any CPU
		{CE44C8E6-553B-4888-9908-0FC21F27F096}.Debug|iPhoneSimulator.Build.0 = Debug|Any CPU
		{CE44C8E6-553B-4888-9908-0FC21F27F096}.Release|iPhone.ActiveCfg = Release|Any CPU
		{CE44C8E6-553B-4888-9908-0FC21F27F096}.Release|iPhone.Build.0 = Release|Any CPU
		{CE44C8E6-553B-4888-9908-0FC21F27F096}.Release|iPhoneSimulator.ActiveCfg = Release|Any CPU
		{CE44C8E6-553B-4888-9908-0FC21F27F096}.Release|iPhoneSimulator.Build.0 = Release|Any CPU
		{CE44C8E6-553B-4888-9908-0FC21F27F096}.Debug|iPhone.ActiveCfg = Debug|Any CPU
		{CE44C8E6-553B-4888-9908-0FC21F27F096}.Debug|iPhone.Build.0 = Debug|Any CPU
		{7772226A-96C3-4EFF-92FF-9227A16AF759}.Debug|Any CPU.ActiveCfg = Debug|Any CPU
		{7772226A-96C3-4EFF-92FF-9227A16AF759}.Debug|Any CPU.Build.0 = Debug|Any CPU
		{7772226A-96C3-4EFF-92FF-9227A16AF759}.Release|Any CPU.ActiveCfg = Release|Any CPU
		{7772226A-96C3-4EFF-92FF-9227A16AF759}.Release|Any CPU.Build.0 = Release|Any CPU
		{7772226A-96C3-4EFF-92FF-9227A16AF759}.Debug|iPhoneSimulator.ActiveCfg = Debug|Any CPU
		{7772226A-96C3-4EFF-92FF-9227A16AF759}.Debug|iPhoneSimulator.Build.0 = Debug|Any CPU
		{7772226A-96C3-4EFF-92FF-9227A16AF759}.Release|iPhone.ActiveCfg = Release|Any CPU
		{7772226A-96C3-4EFF-92FF-9227A16AF759}.Release|iPhone.Build.0 = Release|Any CPU
		{7772226A-96C3-4EFF-92FF-9227A16AF759}.Release|iPhoneSimulator.ActiveCfg = Release|Any CPU
		{7772226A-96C3-4EFF-92FF-9227A16AF759}.Release|iPhoneSimulator.Build.0 = Release|Any CPU
		{7772226A-96C3-4EFF-92FF-9227A16AF759}.Debug|iPhone.ActiveCfg = Debug|Any CPU
		{7772226A-96C3-4EFF-92FF-9227A16AF759}.Debug|iPhone.Build.0 = Debug|Any CPU
		{D3C9B8BB-87FF-4DDA-B575-7B6842B9A8A2}.Debug|Any CPU.ActiveCfg = Debug|Any CPU
		{D3C9B8BB-87FF-4DDA-B575-7B6842B9A8A2}.Debug|Any CPU.Build.0 = Debug|Any CPU
		{D3C9B8BB-87FF-4DDA-B575-7B6842B9A8A2}.Release|Any CPU.ActiveCfg = Release|Any CPU
		{D3C9B8BB-87FF-4DDA-B575-7B6842B9A8A2}.Release|Any CPU.Build.0 = Release|Any CPU
		{D3C9B8BB-87FF-4DDA-B575-7B6842B9A8A2}.Debug|iPhoneSimulator.ActiveCfg = Debug|Any CPU
		{D3C9B8BB-87FF-4DDA-B575-7B6842B9A8A2}.Debug|iPhoneSimulator.Build.0 = Debug|Any CPU
		{D3C9B8BB-87FF-4DDA-B575-7B6842B9A8A2}.Release|iPhone.ActiveCfg = Release|Any CPU
		{D3C9B8BB-87FF-4DDA-B575-7B6842B9A8A2}.Release|iPhone.Build.0 = Release|Any CPU
		{D3C9B8BB-87FF-4DDA-B575-7B6842B9A8A2}.Release|iPhoneSimulator.ActiveCfg = Release|Any CPU
		{D3C9B8BB-87FF-4DDA-B575-7B6842B9A8A2}.Release|iPhoneSimulator.Build.0 = Release|Any CPU
		{D3C9B8BB-87FF-4DDA-B575-7B6842B9A8A2}.Debug|iPhone.ActiveCfg = Debug|Any CPU
		{D3C9B8BB-87FF-4DDA-B575-7B6842B9A8A2}.Debug|iPhone.Build.0 = Debug|Any CPU
		{80CA31F3-4D93-434E-8AC1-DDBC0270799E}.Debug|Any CPU.ActiveCfg = Debug|Any CPU
		{80CA31F3-4D93-434E-8AC1-DDBC0270799E}.Debug|Any CPU.Build.0 = Debug|Any CPU
		{80CA31F3-4D93-434E-8AC1-DDBC0270799E}.Release|Any CPU.ActiveCfg = Release|Any CPU
		{80CA31F3-4D93-434E-8AC1-DDBC0270799E}.Release|Any CPU.Build.0 = Release|Any CPU
		{80CA31F3-4D93-434E-8AC1-DDBC0270799E}.Debug|iPhoneSimulator.ActiveCfg = Debug|Any CPU
		{80CA31F3-4D93-434E-8AC1-DDBC0270799E}.Release|iPhone.ActiveCfg = Release|Any CPU
		{80CA31F3-4D93-434E-8AC1-DDBC0270799E}.Release|iPhoneSimulator.ActiveCfg = Release|Any CPU
		{80CA31F3-4D93-434E-8AC1-DDBC0270799E}.Debug|iPhone.ActiveCfg = Debug|Any CPU
		{D719B21E-42E3-4CA1-B77E-ABB4F198BE02}.Debug|Any CPU.ActiveCfg = Debug|Any CPU
		{D719B21E-42E3-4CA1-B77E-ABB4F198BE02}.Debug|Any CPU.Build.0 = Debug|Any CPU
		{D719B21E-42E3-4CA1-B77E-ABB4F198BE02}.Release|Any CPU.ActiveCfg = Release|Any CPU
		{D719B21E-42E3-4CA1-B77E-ABB4F198BE02}.Release|Any CPU.Build.0 = Release|Any CPU
		{D719B21E-42E3-4CA1-B77E-ABB4F198BE02}.Debug|iPhoneSimulator.ActiveCfg = Debug|Any CPU
		{D719B21E-42E3-4CA1-B77E-ABB4F198BE02}.Release|iPhone.ActiveCfg = Release|Any CPU
		{D719B21E-42E3-4CA1-B77E-ABB4F198BE02}.Release|iPhoneSimulator.ActiveCfg = Release|Any CPU
		{D719B21E-42E3-4CA1-B77E-ABB4F198BE02}.Debug|iPhone.ActiveCfg = Debug|Any CPU
		{4E0AC00D-5B67-4BD8-B5E6-11C50EFB85D4}.Debug|Any CPU.ActiveCfg = Debug|Any CPU
		{4E0AC00D-5B67-4BD8-B5E6-11C50EFB85D4}.Debug|Any CPU.Build.0 = Debug|Any CPU
		{4E0AC00D-5B67-4BD8-B5E6-11C50EFB85D4}.Release|Any CPU.ActiveCfg = Release|Any CPU
		{4E0AC00D-5B67-4BD8-B5E6-11C50EFB85D4}.Release|Any CPU.Build.0 = Release|Any CPU
		{4E0AC00D-5B67-4BD8-B5E6-11C50EFB85D4}.Debug|iPhoneSimulator.ActiveCfg = Debug|Any CPU
		{4E0AC00D-5B67-4BD8-B5E6-11C50EFB85D4}.Debug|iPhoneSimulator.Build.0 = Debug|Any CPU
		{4E0AC00D-5B67-4BD8-B5E6-11C50EFB85D4}.Release|iPhone.ActiveCfg = Release|Any CPU
		{4E0AC00D-5B67-4BD8-B5E6-11C50EFB85D4}.Release|iPhone.Build.0 = Release|Any CPU
		{4E0AC00D-5B67-4BD8-B5E6-11C50EFB85D4}.Release|iPhoneSimulator.ActiveCfg = Release|Any CPU
		{4E0AC00D-5B67-4BD8-B5E6-11C50EFB85D4}.Release|iPhoneSimulator.Build.0 = Release|Any CPU
		{4E0AC00D-5B67-4BD8-B5E6-11C50EFB85D4}.Debug|iPhone.ActiveCfg = Debug|Any CPU
		{4E0AC00D-5B67-4BD8-B5E6-11C50EFB85D4}.Debug|iPhone.Build.0 = Debug|Any CPU
		{D02A3764-C67C-4CE4-A876-D68946B3EE23}.Debug|Any CPU.ActiveCfg = Debug|Any CPU
		{D02A3764-C67C-4CE4-A876-D68946B3EE23}.Debug|Any CPU.Build.0 = Debug|Any CPU
		{D02A3764-C67C-4CE4-A876-D68946B3EE23}.Release|Any CPU.ActiveCfg = Release|Any CPU
		{D02A3764-C67C-4CE4-A876-D68946B3EE23}.Release|Any CPU.Build.0 = Release|Any CPU
		{D02A3764-C67C-4CE4-A876-D68946B3EE23}.Debug|iPhoneSimulator.ActiveCfg = Debug|Any CPU
		{D02A3764-C67C-4CE4-A876-D68946B3EE23}.Debug|iPhoneSimulator.Build.0 = Debug|Any CPU
		{D02A3764-C67C-4CE4-A876-D68946B3EE23}.Release|iPhone.ActiveCfg = Release|Any CPU
		{D02A3764-C67C-4CE4-A876-D68946B3EE23}.Release|iPhone.Build.0 = Release|Any CPU
		{D02A3764-C67C-4CE4-A876-D68946B3EE23}.Release|iPhoneSimulator.ActiveCfg = Release|Any CPU
		{D02A3764-C67C-4CE4-A876-D68946B3EE23}.Release|iPhoneSimulator.Build.0 = Release|Any CPU
		{D02A3764-C67C-4CE4-A876-D68946B3EE23}.Debug|iPhone.ActiveCfg = Debug|Any CPU
		{D02A3764-C67C-4CE4-A876-D68946B3EE23}.Debug|iPhone.Build.0 = Debug|Any CPU
	EndGlobalSection
	GlobalSection(SolutionProperties) = preSolution
		HideSolutionNode = FALSE
	EndGlobalSection
	GlobalSection(NestedProjects) = preSolution
		{0B6010D2-57C8-46F7-BFA6-E77F3CB2C1DD} = {E83E9E4F-9A91-449F-8B8A-7D40FF2C9AD6}
		{E83E9E4F-9A91-449F-8B8A-7D40FF2C9AD6} = {09EB09A3-C6A3-4934-AD72-384F519DA20D}
		{BF5E5ED0-D7E7-4305-96BB-AAF9FF9B2219} = {09EB09A3-C6A3-4934-AD72-384F519DA20D}
		{CE44C8E6-553B-4888-9908-0FC21F27F096} = {C64BFCD3-AA32-45BA-A98C-2011F2500170}
		{7772226A-96C3-4EFF-92FF-9227A16AF759} = {C64BFCD3-AA32-45BA-A98C-2011F2500170}
		{D3C9B8BB-87FF-4DDA-B575-7B6842B9A8A2} = {C0F1AA03-6FF3-43E8-899A-6F27B84EB298}
		{80CA31F3-4D93-434E-8AC1-DDBC0270799E} = {5B6CE494-8E90-4D31-B2C5-81579EBF1951}
		{D719B21E-42E3-4CA1-B77E-ABB4F198BE02} = {5B6CE494-8E90-4D31-B2C5-81579EBF1951}
		{4E0AC00D-5B67-4BD8-B5E6-11C50EFB85D4} = {09EB09A3-C6A3-4934-AD72-384F519DA20D}
		{D02A3764-C67C-4CE4-A876-D68946B3EE23} = {BF5E5ED0-D7E7-4305-96BB-AAF9FF9B2219}
	EndGlobalSection
EndGlobal
