
Microsoft Visual Studio Solution File, Format Version 12.00
# Visual Studio 14
VisualStudioVersion = 14.0.23107.0
MinimumVisualStudioVersion = 10.0.40219.1
Project("{2150E333-8FDC-42A3-9474-1A3956D46DE8}") = "01 Presentation  Layer", "01 Presentation  Layer", "{0B1C5B66-1518-4EDF-977C-2215C14AB7C9}"
EndProject
Project("{2150E333-8FDC-42A3-9474-1A3956D46DE8}") = "02 Distributed Services", "02 Distributed Services", "{86C6C60E-3D4D-4FDC-AC13-6DA26364595F}"
EndProject
Project("{2150E333-8FDC-42A3-9474-1A3956D46DE8}") = "03 Domain Layer", "03 Domain Layer", "{76240EF8-E034-4BB6-9AAB-C5E6BACD4200}"
EndProject
Project("{2150E333-8FDC-42A3-9474-1A3956D46DE8}") = "04 Infrastructure Layer", "04 Infrastructure Layer", "{5057D4E1-4AD6-40AA-AAAE-B27C67DFEE69}"
EndProject
Project("{2150E333-8FDC-42A3-9474-1A3956D46DE8}") = "02 Applicatioin Layer", "02 Applicatioin Layer", "{39B5C303-D0BD-4D4D-B2AE-5EDEB6F010A9}"
EndProject
Project("{2150E333-8FDC-42A3-9474-1A3956D46DE8}") = "01 App", "01 App", "{B521C28C-C933-4867-B950-4417EBDBDD55}"
EndProject
Project("{FAE04EC0-301F-11D3-BF4B-00C04F79EFBC}") = "Repository", "04 Infrastructure Layer\Repository\Repository.csproj", "{28EE81F9-857E-4451-AF91-AD842ECEE48C}"
EndProject
Project("{FAE04EC0-301F-11D3-BF4B-00C04F79EFBC}") = "Infrastructure", "04 Infrastructure Layer\Infrastructure\Infrastructure.csproj", "{D1D763E0-2E29-416C-AC6A-0CD313D71F16}"
EndProject
Project("{FAE04EC0-301F-11D3-BF4B-00C04F79EFBC}") = "DomainModel", "03 Domain Layer\DomainModel\DomainModel.csproj", "{F253EE76-A606-42A6-B654-E5AD30EDD47D}"
EndProject
Project("{FAE04EC0-301F-11D3-BF4B-00C04F79EFBC}") = "HomeApplication.Dto", "02 Applicatioin Layer\HomeApplication.Dto\HomeApplication.Dto.csproj", "{948AC8B7-B26C-47DF-8232-4CF31C94FC0D}"
EndProject
Project("{FAE04EC0-301F-11D3-BF4B-00C04F79EFBC}") = "HomeApplication", "02 Applicatioin Layer\HomeApplication\HomeApplication.csproj", "{BC1F66F3-6EA5-4008-B5B2-CE931D7B79D7}"
EndProject
Project("{FAE04EC0-301F-11D3-BF4B-00C04F79EFBC}") = "WebApplication", "01 Presentation  Layer\01 App\WebApplication\WebApplication.csproj", "{90A33161-EBF8-4A0A-AF2C-1986CD84E748}"
EndProject
Project("{FAE04EC0-301F-11D3-BF4B-00C04F79EFBC}") = "DistributedServices", "01 Presentation  Layer\02 DistributedServices\DistributedServices\DistributedServices.csproj", "{6F3FCB2E-FE8D-4142-9EA9-133919F34D6E}"
EndProject
Project("{FAE04EC0-301F-11D3-BF4B-00C04F79EFBC}") = "HomeApp", "01 Presentation  Layer\01 App\HomeApp\HomeApp.csproj", "{0B6010D2-57C8-46F7-BFA6-E77F3CB2C1DD}"
EndProject
Global
	GlobalSection(SolutionConfigurationPlatforms) = preSolution
		Debug|Any CPU = Debug|Any CPU
		Release|Any CPU = Release|Any CPU
	EndGlobalSection
	GlobalSection(ProjectConfigurationPlatforms) = postSolution
		{28EE81F9-857E-4451-AF91-AD842ECEE48C}.Debug|Any CPU.ActiveCfg = Debug|Any CPU
		{28EE81F9-857E-4451-AF91-AD842ECEE48C}.Debug|Any CPU.Build.0 = Debug|Any CPU
		{28EE81F9-857E-4451-AF91-AD842ECEE48C}.Release|Any CPU.ActiveCfg = Release|Any CPU
		{28EE81F9-857E-4451-AF91-AD842ECEE48C}.Release|Any CPU.Build.0 = Release|Any CPU
		{D1D763E0-2E29-416C-AC6A-0CD313D71F16}.Debug|Any CPU.ActiveCfg = Debug|Any CPU
		{D1D763E0-2E29-416C-AC6A-0CD313D71F16}.Debug|Any CPU.Build.0 = Debug|Any CPU
		{D1D763E0-2E29-416C-AC6A-0CD313D71F16}.Release|Any CPU.ActiveCfg = Release|Any CPU
		{D1D763E0-2E29-416C-AC6A-0CD313D71F16}.Release|Any CPU.Build.0 = Release|Any CPU
		{F253EE76-A606-42A6-B654-E5AD30EDD47D}.Debug|Any CPU.ActiveCfg = Debug|Any CPU
		{F253EE76-A606-42A6-B654-E5AD30EDD47D}.Debug|Any CPU.Build.0 = Debug|Any CPU
		{F253EE76-A606-42A6-B654-E5AD30EDD47D}.Release|Any CPU.ActiveCfg = Release|Any CPU
		{F253EE76-A606-42A6-B654-E5AD30EDD47D}.Release|Any CPU.Build.0 = Release|Any CPU
		{948AC8B7-B26C-47DF-8232-4CF31C94FC0D}.Debug|Any CPU.ActiveCfg = Debug|Any CPU
		{948AC8B7-B26C-47DF-8232-4CF31C94FC0D}.Debug|Any CPU.Build.0 = Debug|Any CPU
		{948AC8B7-B26C-47DF-8232-4CF31C94FC0D}.Release|Any CPU.ActiveCfg = Release|Any CPU
		{948AC8B7-B26C-47DF-8232-4CF31C94FC0D}.Release|Any CPU.Build.0 = Release|Any CPU
		{BC1F66F3-6EA5-4008-B5B2-CE931D7B79D7}.Debug|Any CPU.ActiveCfg = Debug|Any CPU
		{BC1F66F3-6EA5-4008-B5B2-CE931D7B79D7}.Debug|Any CPU.Build.0 = Debug|Any CPU
		{BC1F66F3-6EA5-4008-B5B2-CE931D7B79D7}.Release|Any CPU.ActiveCfg = Release|Any CPU
		{BC1F66F3-6EA5-4008-B5B2-CE931D7B79D7}.Release|Any CPU.Build.0 = Release|Any CPU
		{90A33161-EBF8-4A0A-AF2C-1986CD84E748}.Debug|Any CPU.ActiveCfg = Debug|Any CPU
		{90A33161-EBF8-4A0A-AF2C-1986CD84E748}.Debug|Any CPU.Build.0 = Debug|Any CPU
		{90A33161-EBF8-4A0A-AF2C-1986CD84E748}.Release|Any CPU.ActiveCfg = Release|Any CPU
		{90A33161-EBF8-4A0A-AF2C-1986CD84E748}.Release|Any CPU.Build.0 = Release|Any CPU
		{6F3FCB2E-FE8D-4142-9EA9-133919F34D6E}.Debug|Any CPU.ActiveCfg = Debug|Any CPU
		{6F3FCB2E-FE8D-4142-9EA9-133919F34D6E}.Debug|Any CPU.Build.0 = Debug|Any CPU
		{6F3FCB2E-FE8D-4142-9EA9-133919F34D6E}.Release|Any CPU.ActiveCfg = Release|Any CPU
		{6F3FCB2E-FE8D-4142-9EA9-133919F34D6E}.Release|Any CPU.Build.0 = Release|Any CPU
		{0B6010D2-57C8-46F7-BFA6-E77F3CB2C1DD}.Debug|Any CPU.ActiveCfg = Debug|Any CPU
		{0B6010D2-57C8-46F7-BFA6-E77F3CB2C1DD}.Debug|Any CPU.Build.0 = Debug|Any CPU
		{0B6010D2-57C8-46F7-BFA6-E77F3CB2C1DD}.Release|Any CPU.ActiveCfg = Release|Any CPU
		{0B6010D2-57C8-46F7-BFA6-E77F3CB2C1DD}.Release|Any CPU.Build.0 = Release|Any CPU
	EndGlobalSection
	GlobalSection(SolutionProperties) = preSolution
		HideSolutionNode = FALSE
	EndGlobalSection
	GlobalSection(NestedProjects) = preSolution
		{86C6C60E-3D4D-4FDC-AC13-6DA26364595F} = {0B1C5B66-1518-4EDF-977C-2215C14AB7C9}
		{B521C28C-C933-4867-B950-4417EBDBDD55} = {0B1C5B66-1518-4EDF-977C-2215C14AB7C9}
		{28EE81F9-857E-4451-AF91-AD842ECEE48C} = {5057D4E1-4AD6-40AA-AAAE-B27C67DFEE69}
		{D1D763E0-2E29-416C-AC6A-0CD313D71F16} = {5057D4E1-4AD6-40AA-AAAE-B27C67DFEE69}
		{F253EE76-A606-42A6-B654-E5AD30EDD47D} = {76240EF8-E034-4BB6-9AAB-C5E6BACD4200}
		{948AC8B7-B26C-47DF-8232-4CF31C94FC0D} = {39B5C303-D0BD-4D4D-B2AE-5EDEB6F010A9}
		{BC1F66F3-6EA5-4008-B5B2-CE931D7B79D7} = {39B5C303-D0BD-4D4D-B2AE-5EDEB6F010A9}
		{90A33161-EBF8-4A0A-AF2C-1986CD84E748} = {B521C28C-C933-4867-B950-4417EBDBDD55}
		{6F3FCB2E-FE8D-4142-9EA9-133919F34D6E} = {86C6C60E-3D4D-4FDC-AC13-6DA26364595F}
		{0B6010D2-57C8-46F7-BFA6-E77F3CB2C1DD} = {B521C28C-C933-4867-B950-4417EBDBDD55}
	EndGlobalSection
EndGlobal
