
Microsoft Visual Studio Solution File, Format Version 12.00
# Visual Studio 14
VisualStudioVersion = 14.0.25420.1
MinimumVisualStudioVersion = 10.0.40219.1
Project("{2150E333-8FDC-42A3-9474-1A3956D46DE8}") = "03 Domain Layer", "03 Domain Layer", "{76240EF8-E034-4BB6-9AAB-C5E6BACD4200}"
EndProject
Project("{2150E333-8FDC-42A3-9474-1A3956D46DE8}") = "04 Infrastructure Layer", "04 Infrastructure Layer", "{5057D4E1-4AD6-40AA-AAAE-B27C67DFEE69}"
EndProject
Project("{2150E333-8FDC-42A3-9474-1A3956D46DE8}") = "01 Applicatioin Layer", "01 Applicatioin Layer", "{39B5C303-D0BD-4D4D-B2AE-5EDEB6F010A9}"
EndProject
Project("{2150E333-8FDC-42A3-9474-1A3956D46DE8}") = "02 Distributed Services", "02 Distributed Services", "{86C6C60E-3D4D-4FDC-AC13-6DA26364595F}"
EndProject
Project("{2150E333-8FDC-42A3-9474-1A3956D46DE8}") = "05 Test", "05 Test", "{12A376A1-B1E7-41BC-93DD-ABBB56C4669A}"
EndProject
Project("{2150E333-8FDC-42A3-9474-1A3956D46DE8}") = "06 Documnet", "06 Documnet", "{A6B958DF-7AB1-4647-9ED0-6BC3294CCBA9}"
EndProject
Project("{2150E333-8FDC-42A3-9474-1A3956D46DE8}") = "Dev", "Dev", "{2EB35976-5C0F-4B24-A66D-E6262D114418}"
	ProjectSection(SolutionItems) = preProject
		..\Documnet\Dev\DomainEventBus.txt = ..\Documnet\Dev\DomainEventBus.txt
		..\Documnet\Dev\EF.txt = ..\Documnet\Dev\EF.txt
	EndProjectSection
EndProject
Project("{2150E333-8FDC-42A3-9474-1A3956D46DE8}") = "Requirement", "Requirement", "{877CEC99-7E4A-41EE-94E4-5E9DC173565E}"
	ProjectSection(SolutionItems) = preProject
		..\Documnet\Requirement\33382_1408895233wXYf.png = ..\Documnet\Requirement\33382_1408895233wXYf.png
		..\Documnet\Requirement\所有亲戚关系称呼.jpg = ..\Documnet\Requirement\所有亲戚关系称呼.jpg
		..\Documnet\Requirement\聯繫人.txt = ..\Documnet\Requirement\聯繫人.txt
	EndProjectSection
EndProject
Project("{FAE04EC0-301F-11D3-BF4B-00C04F79EFBC}") = "DomainModel", "03 Domain Layer\DomainModel\DomainModel.csproj", "{F253EE76-A606-42A6-B654-E5AD30EDD47D}"
EndProject
Project("{FAE04EC0-301F-11D3-BF4B-00C04F79EFBC}") = "Repository", "04 Infrastructure Layer\Repository\Repository.csproj", "{28EE81F9-857E-4451-AF91-AD842ECEE48C}"
EndProject
Project("{FAE04EC0-301F-11D3-BF4B-00C04F79EFBC}") = "HomeApplication.Dto", "02 Applicatioin Layer\HomeApplication.Dto\HomeApplication.Dto.csproj", "{948AC8B7-B26C-47DF-8232-4CF31C94FC0D}"
EndProject
Project("{FAE04EC0-301F-11D3-BF4B-00C04F79EFBC}") = "HomeApplication", "02 Applicatioin Layer\HomeApplication\HomeApplication.csproj", "{BC1F66F3-6EA5-4008-B5B2-CE931D7B79D7}"
EndProject
Project("{FAE04EC0-301F-11D3-BF4B-00C04F79EFBC}") = "RepositoryTest", "RepositoryTest\RepositoryTest.csproj", "{DDA61FB1-7F79-4AC2-ABC3-BE62E8E1F568}"
EndProject
Project("{FAE04EC0-301F-11D3-BF4B-00C04F79EFBC}") = "HomeTool.Console", "02 Applicatioin Layer\HomeTool.Console\HomeTool.Console.csproj", "{64E22760-6A4E-499D-8B3C-552CC408D42F}"
EndProject
Project("{FAE04EC0-301F-11D3-BF4B-00C04F79EFBC}") = "HomeApplication.Test", "02 Applicatioin Layer\HomeApplication.Test\HomeApplication.Test.csproj", "{5A8B300C-C0C1-4696-AC26-8B52D77128C4}"
EndProject
Project("{FAE04EC0-301F-11D3-BF4B-00C04F79EFBC}") = "HomeApplication.Owin", "02 Applicatioin Layer\HomeApplication.Owin\HomeApplication.Owin.csproj", "{B05217F9-517A-470E-BC5A-C6D1CE3EF2BE}"
EndProject
Project("{8BB2217D-0F2D-49D1-97BC-3654ED321F3B}") = "Distributed.WebServices", "02 Applicatioin Layer\Distributed.WebServices\Distributed.WebServices.xproj", "{97512854-64E0-47FA-8B95-20CC47B90754}"
EndProject
Global
	GlobalSection(SolutionConfigurationPlatforms) = preSolution
		Debug|Any CPU = Debug|Any CPU
		Debug|ARM = Debug|ARM
		Debug|x64 = Debug|x64
		Debug|x86 = Debug|x86
		Release|Any CPU = Release|Any CPU
		Release|ARM = Release|ARM
		Release|x64 = Release|x64
		Release|x86 = Release|x86
	EndGlobalSection
	GlobalSection(ProjectConfigurationPlatforms) = postSolution
		{F253EE76-A606-42A6-B654-E5AD30EDD47D}.Debug|Any CPU.ActiveCfg = Debug|Any CPU
		{F253EE76-A606-42A6-B654-E5AD30EDD47D}.Debug|Any CPU.Build.0 = Debug|Any CPU
		{F253EE76-A606-42A6-B654-E5AD30EDD47D}.Debug|ARM.ActiveCfg = Debug|Any CPU
		{F253EE76-A606-42A6-B654-E5AD30EDD47D}.Debug|ARM.Build.0 = Debug|Any CPU
		{F253EE76-A606-42A6-B654-E5AD30EDD47D}.Debug|x64.ActiveCfg = Debug|Any CPU
		{F253EE76-A606-42A6-B654-E5AD30EDD47D}.Debug|x64.Build.0 = Debug|Any CPU
		{F253EE76-A606-42A6-B654-E5AD30EDD47D}.Debug|x86.ActiveCfg = Debug|Any CPU
		{F253EE76-A606-42A6-B654-E5AD30EDD47D}.Debug|x86.Build.0 = Debug|Any CPU
		{F253EE76-A606-42A6-B654-E5AD30EDD47D}.Release|Any CPU.ActiveCfg = Release|Any CPU
		{F253EE76-A606-42A6-B654-E5AD30EDD47D}.Release|Any CPU.Build.0 = Release|Any CPU
		{F253EE76-A606-42A6-B654-E5AD30EDD47D}.Release|ARM.ActiveCfg = Release|Any CPU
		{F253EE76-A606-42A6-B654-E5AD30EDD47D}.Release|ARM.Build.0 = Release|Any CPU
		{F253EE76-A606-42A6-B654-E5AD30EDD47D}.Release|x64.ActiveCfg = Release|Any CPU
		{F253EE76-A606-42A6-B654-E5AD30EDD47D}.Release|x64.Build.0 = Release|Any CPU
		{F253EE76-A606-42A6-B654-E5AD30EDD47D}.Release|x86.ActiveCfg = Release|Any CPU
		{F253EE76-A606-42A6-B654-E5AD30EDD47D}.Release|x86.Build.0 = Release|Any CPU
		{28EE81F9-857E-4451-AF91-AD842ECEE48C}.Debug|Any CPU.ActiveCfg = Debug|Any CPU
		{28EE81F9-857E-4451-AF91-AD842ECEE48C}.Debug|Any CPU.Build.0 = Debug|Any CPU
		{28EE81F9-857E-4451-AF91-AD842ECEE48C}.Debug|ARM.ActiveCfg = Debug|Any CPU
		{28EE81F9-857E-4451-AF91-AD842ECEE48C}.Debug|ARM.Build.0 = Debug|Any CPU
		{28EE81F9-857E-4451-AF91-AD842ECEE48C}.Debug|x64.ActiveCfg = Debug|Any CPU
		{28EE81F9-857E-4451-AF91-AD842ECEE48C}.Debug|x64.Build.0 = Debug|Any CPU
		{28EE81F9-857E-4451-AF91-AD842ECEE48C}.Debug|x86.ActiveCfg = Debug|Any CPU
		{28EE81F9-857E-4451-AF91-AD842ECEE48C}.Debug|x86.Build.0 = Debug|Any CPU
		{28EE81F9-857E-4451-AF91-AD842ECEE48C}.Release|Any CPU.ActiveCfg = Release|Any CPU
		{28EE81F9-857E-4451-AF91-AD842ECEE48C}.Release|Any CPU.Build.0 = Release|Any CPU
		{28EE81F9-857E-4451-AF91-AD842ECEE48C}.Release|ARM.ActiveCfg = Release|Any CPU
		{28EE81F9-857E-4451-AF91-AD842ECEE48C}.Release|ARM.Build.0 = Release|Any CPU
		{28EE81F9-857E-4451-AF91-AD842ECEE48C}.Release|x64.ActiveCfg = Release|Any CPU
		{28EE81F9-857E-4451-AF91-AD842ECEE48C}.Release|x64.Build.0 = Release|Any CPU
		{28EE81F9-857E-4451-AF91-AD842ECEE48C}.Release|x86.ActiveCfg = Release|Any CPU
		{28EE81F9-857E-4451-AF91-AD842ECEE48C}.Release|x86.Build.0 = Release|Any CPU
		{948AC8B7-B26C-47DF-8232-4CF31C94FC0D}.Debug|Any CPU.ActiveCfg = Debug|Any CPU
		{948AC8B7-B26C-47DF-8232-4CF31C94FC0D}.Debug|Any CPU.Build.0 = Debug|Any CPU
		{948AC8B7-B26C-47DF-8232-4CF31C94FC0D}.Debug|ARM.ActiveCfg = Debug|Any CPU
		{948AC8B7-B26C-47DF-8232-4CF31C94FC0D}.Debug|ARM.Build.0 = Debug|Any CPU
		{948AC8B7-B26C-47DF-8232-4CF31C94FC0D}.Debug|x64.ActiveCfg = Debug|Any CPU
		{948AC8B7-B26C-47DF-8232-4CF31C94FC0D}.Debug|x64.Build.0 = Debug|Any CPU
		{948AC8B7-B26C-47DF-8232-4CF31C94FC0D}.Debug|x86.ActiveCfg = Debug|Any CPU
		{948AC8B7-B26C-47DF-8232-4CF31C94FC0D}.Debug|x86.Build.0 = Debug|Any CPU
		{948AC8B7-B26C-47DF-8232-4CF31C94FC0D}.Release|Any CPU.ActiveCfg = Release|Any CPU
		{948AC8B7-B26C-47DF-8232-4CF31C94FC0D}.Release|Any CPU.Build.0 = Release|Any CPU
		{948AC8B7-B26C-47DF-8232-4CF31C94FC0D}.Release|ARM.ActiveCfg = Release|Any CPU
		{948AC8B7-B26C-47DF-8232-4CF31C94FC0D}.Release|ARM.Build.0 = Release|Any CPU
		{948AC8B7-B26C-47DF-8232-4CF31C94FC0D}.Release|x64.ActiveCfg = Release|Any CPU
		{948AC8B7-B26C-47DF-8232-4CF31C94FC0D}.Release|x64.Build.0 = Release|Any CPU
		{948AC8B7-B26C-47DF-8232-4CF31C94FC0D}.Release|x86.ActiveCfg = Release|Any CPU
		{948AC8B7-B26C-47DF-8232-4CF31C94FC0D}.Release|x86.Build.0 = Release|Any CPU
		{BC1F66F3-6EA5-4008-B5B2-CE931D7B79D7}.Debug|Any CPU.ActiveCfg = Debug|Any CPU
		{BC1F66F3-6EA5-4008-B5B2-CE931D7B79D7}.Debug|Any CPU.Build.0 = Debug|Any CPU
		{BC1F66F3-6EA5-4008-B5B2-CE931D7B79D7}.Debug|ARM.ActiveCfg = Debug|Any CPU
		{BC1F66F3-6EA5-4008-B5B2-CE931D7B79D7}.Debug|ARM.Build.0 = Debug|Any CPU
		{BC1F66F3-6EA5-4008-B5B2-CE931D7B79D7}.Debug|x64.ActiveCfg = Debug|Any CPU
		{BC1F66F3-6EA5-4008-B5B2-CE931D7B79D7}.Debug|x64.Build.0 = Debug|Any CPU
		{BC1F66F3-6EA5-4008-B5B2-CE931D7B79D7}.Debug|x86.ActiveCfg = Debug|Any CPU
		{BC1F66F3-6EA5-4008-B5B2-CE931D7B79D7}.Debug|x86.Build.0 = Debug|Any CPU
		{BC1F66F3-6EA5-4008-B5B2-CE931D7B79D7}.Release|Any CPU.ActiveCfg = Release|Any CPU
		{BC1F66F3-6EA5-4008-B5B2-CE931D7B79D7}.Release|Any CPU.Build.0 = Release|Any CPU
		{BC1F66F3-6EA5-4008-B5B2-CE931D7B79D7}.Release|ARM.ActiveCfg = Release|Any CPU
		{BC1F66F3-6EA5-4008-B5B2-CE931D7B79D7}.Release|ARM.Build.0 = Release|Any CPU
		{BC1F66F3-6EA5-4008-B5B2-CE931D7B79D7}.Release|x64.ActiveCfg = Release|Any CPU
		{BC1F66F3-6EA5-4008-B5B2-CE931D7B79D7}.Release|x64.Build.0 = Release|Any CPU
		{BC1F66F3-6EA5-4008-B5B2-CE931D7B79D7}.Release|x86.ActiveCfg = Release|Any CPU
		{BC1F66F3-6EA5-4008-B5B2-CE931D7B79D7}.Release|x86.Build.0 = Release|Any CPU
		{DDA61FB1-7F79-4AC2-ABC3-BE62E8E1F568}.Debug|Any CPU.ActiveCfg = Debug|Any CPU
		{DDA61FB1-7F79-4AC2-ABC3-BE62E8E1F568}.Debug|Any CPU.Build.0 = Debug|Any CPU
		{DDA61FB1-7F79-4AC2-ABC3-BE62E8E1F568}.Debug|ARM.ActiveCfg = Debug|Any CPU
		{DDA61FB1-7F79-4AC2-ABC3-BE62E8E1F568}.Debug|ARM.Build.0 = Debug|Any CPU
		{DDA61FB1-7F79-4AC2-ABC3-BE62E8E1F568}.Debug|x64.ActiveCfg = Debug|Any CPU
		{DDA61FB1-7F79-4AC2-ABC3-BE62E8E1F568}.Debug|x64.Build.0 = Debug|Any CPU
		{DDA61FB1-7F79-4AC2-ABC3-BE62E8E1F568}.Debug|x86.ActiveCfg = Debug|Any CPU
		{DDA61FB1-7F79-4AC2-ABC3-BE62E8E1F568}.Debug|x86.Build.0 = Debug|Any CPU
		{DDA61FB1-7F79-4AC2-ABC3-BE62E8E1F568}.Release|Any CPU.ActiveCfg = Release|Any CPU
		{DDA61FB1-7F79-4AC2-ABC3-BE62E8E1F568}.Release|Any CPU.Build.0 = Release|Any CPU
		{DDA61FB1-7F79-4AC2-ABC3-BE62E8E1F568}.Release|ARM.ActiveCfg = Release|Any CPU
		{DDA61FB1-7F79-4AC2-ABC3-BE62E8E1F568}.Release|ARM.Build.0 = Release|Any CPU
		{DDA61FB1-7F79-4AC2-ABC3-BE62E8E1F568}.Release|x64.ActiveCfg = Release|Any CPU
		{DDA61FB1-7F79-4AC2-ABC3-BE62E8E1F568}.Release|x64.Build.0 = Release|Any CPU
		{DDA61FB1-7F79-4AC2-ABC3-BE62E8E1F568}.Release|x86.ActiveCfg = Release|Any CPU
		{DDA61FB1-7F79-4AC2-ABC3-BE62E8E1F568}.Release|x86.Build.0 = Release|Any CPU
		{64E22760-6A4E-499D-8B3C-552CC408D42F}.Debug|Any CPU.ActiveCfg = Debug|Any CPU
		{64E22760-6A4E-499D-8B3C-552CC408D42F}.Debug|Any CPU.Build.0 = Debug|Any CPU
		{64E22760-6A4E-499D-8B3C-552CC408D42F}.Debug|ARM.ActiveCfg = Debug|Any CPU
		{64E22760-6A4E-499D-8B3C-552CC408D42F}.Debug|ARM.Build.0 = Debug|Any CPU
		{64E22760-6A4E-499D-8B3C-552CC408D42F}.Debug|x64.ActiveCfg = Debug|Any CPU
		{64E22760-6A4E-499D-8B3C-552CC408D42F}.Debug|x64.Build.0 = Debug|Any CPU
		{64E22760-6A4E-499D-8B3C-552CC408D42F}.Debug|x86.ActiveCfg = Debug|Any CPU
		{64E22760-6A4E-499D-8B3C-552CC408D42F}.Debug|x86.Build.0 = Debug|Any CPU
		{64E22760-6A4E-499D-8B3C-552CC408D42F}.Release|Any CPU.ActiveCfg = Release|Any CPU
		{64E22760-6A4E-499D-8B3C-552CC408D42F}.Release|Any CPU.Build.0 = Release|Any CPU
		{64E22760-6A4E-499D-8B3C-552CC408D42F}.Release|ARM.ActiveCfg = Release|Any CPU
		{64E22760-6A4E-499D-8B3C-552CC408D42F}.Release|ARM.Build.0 = Release|Any CPU
		{64E22760-6A4E-499D-8B3C-552CC408D42F}.Release|x64.ActiveCfg = Release|Any CPU
		{64E22760-6A4E-499D-8B3C-552CC408D42F}.Release|x64.Build.0 = Release|Any CPU
		{64E22760-6A4E-499D-8B3C-552CC408D42F}.Release|x86.ActiveCfg = Release|Any CPU
		{64E22760-6A4E-499D-8B3C-552CC408D42F}.Release|x86.Build.0 = Release|Any CPU
		{5A8B300C-C0C1-4696-AC26-8B52D77128C4}.Debug|Any CPU.ActiveCfg = Debug|Any CPU
		{5A8B300C-C0C1-4696-AC26-8B52D77128C4}.Debug|Any CPU.Build.0 = Debug|Any CPU
		{5A8B300C-C0C1-4696-AC26-8B52D77128C4}.Debug|ARM.ActiveCfg = Debug|Any CPU
		{5A8B300C-C0C1-4696-AC26-8B52D77128C4}.Debug|ARM.Build.0 = Debug|Any CPU
		{5A8B300C-C0C1-4696-AC26-8B52D77128C4}.Debug|x64.ActiveCfg = Debug|Any CPU
		{5A8B300C-C0C1-4696-AC26-8B52D77128C4}.Debug|x64.Build.0 = Debug|Any CPU
		{5A8B300C-C0C1-4696-AC26-8B52D77128C4}.Debug|x86.ActiveCfg = Debug|Any CPU
		{5A8B300C-C0C1-4696-AC26-8B52D77128C4}.Debug|x86.Build.0 = Debug|Any CPU
		{5A8B300C-C0C1-4696-AC26-8B52D77128C4}.Release|Any CPU.ActiveCfg = Release|Any CPU
		{5A8B300C-C0C1-4696-AC26-8B52D77128C4}.Release|Any CPU.Build.0 = Release|Any CPU
		{5A8B300C-C0C1-4696-AC26-8B52D77128C4}.Release|ARM.ActiveCfg = Release|Any CPU
		{5A8B300C-C0C1-4696-AC26-8B52D77128C4}.Release|ARM.Build.0 = Release|Any CPU
		{5A8B300C-C0C1-4696-AC26-8B52D77128C4}.Release|x64.ActiveCfg = Release|Any CPU
		{5A8B300C-C0C1-4696-AC26-8B52D77128C4}.Release|x64.Build.0 = Release|Any CPU
		{5A8B300C-C0C1-4696-AC26-8B52D77128C4}.Release|x86.ActiveCfg = Release|Any CPU
		{5A8B300C-C0C1-4696-AC26-8B52D77128C4}.Release|x86.Build.0 = Release|Any CPU
		{B05217F9-517A-470E-BC5A-C6D1CE3EF2BE}.Debug|Any CPU.ActiveCfg = Debug|Any CPU
		{B05217F9-517A-470E-BC5A-C6D1CE3EF2BE}.Debug|Any CPU.Build.0 = Debug|Any CPU
		{B05217F9-517A-470E-BC5A-C6D1CE3EF2BE}.Debug|ARM.ActiveCfg = Debug|Any CPU
		{B05217F9-517A-470E-BC5A-C6D1CE3EF2BE}.Debug|ARM.Build.0 = Debug|Any CPU
		{B05217F9-517A-470E-BC5A-C6D1CE3EF2BE}.Debug|x64.ActiveCfg = Debug|Any CPU
		{B05217F9-517A-470E-BC5A-C6D1CE3EF2BE}.Debug|x64.Build.0 = Debug|Any CPU
		{B05217F9-517A-470E-BC5A-C6D1CE3EF2BE}.Debug|x86.ActiveCfg = Debug|Any CPU
		{B05217F9-517A-470E-BC5A-C6D1CE3EF2BE}.Debug|x86.Build.0 = Debug|Any CPU
		{B05217F9-517A-470E-BC5A-C6D1CE3EF2BE}.Release|Any CPU.ActiveCfg = Release|Any CPU
		{B05217F9-517A-470E-BC5A-C6D1CE3EF2BE}.Release|Any CPU.Build.0 = Release|Any CPU
		{B05217F9-517A-470E-BC5A-C6D1CE3EF2BE}.Release|ARM.ActiveCfg = Release|Any CPU
		{B05217F9-517A-470E-BC5A-C6D1CE3EF2BE}.Release|ARM.Build.0 = Release|Any CPU
		{B05217F9-517A-470E-BC5A-C6D1CE3EF2BE}.Release|x64.ActiveCfg = Release|Any CPU
		{B05217F9-517A-470E-BC5A-C6D1CE3EF2BE}.Release|x64.Build.0 = Release|Any CPU
		{B05217F9-517A-470E-BC5A-C6D1CE3EF2BE}.Release|x86.ActiveCfg = Release|Any CPU
		{B05217F9-517A-470E-BC5A-C6D1CE3EF2BE}.Release|x86.Build.0 = Release|Any CPU
		{97512854-64E0-47FA-8B95-20CC47B90754}.Debug|Any CPU.ActiveCfg = Debug|Any CPU
		{97512854-64E0-47FA-8B95-20CC47B90754}.Debug|Any CPU.Build.0 = Debug|Any CPU
		{97512854-64E0-47FA-8B95-20CC47B90754}.Debug|ARM.ActiveCfg = Debug|Any CPU
		{97512854-64E0-47FA-8B95-20CC47B90754}.Debug|ARM.Build.0 = Debug|Any CPU
		{97512854-64E0-47FA-8B95-20CC47B90754}.Debug|x64.ActiveCfg = Debug|Any CPU
		{97512854-64E0-47FA-8B95-20CC47B90754}.Debug|x64.Build.0 = Debug|Any CPU
		{97512854-64E0-47FA-8B95-20CC47B90754}.Debug|x86.ActiveCfg = Debug|Any CPU
		{97512854-64E0-47FA-8B95-20CC47B90754}.Debug|x86.Build.0 = Debug|Any CPU
		{97512854-64E0-47FA-8B95-20CC47B90754}.Release|Any CPU.ActiveCfg = Release|Any CPU
		{97512854-64E0-47FA-8B95-20CC47B90754}.Release|Any CPU.Build.0 = Release|Any CPU
		{97512854-64E0-47FA-8B95-20CC47B90754}.Release|ARM.ActiveCfg = Release|Any CPU
		{97512854-64E0-47FA-8B95-20CC47B90754}.Release|ARM.Build.0 = Release|Any CPU
		{97512854-64E0-47FA-8B95-20CC47B90754}.Release|x64.ActiveCfg = Release|Any CPU
		{97512854-64E0-47FA-8B95-20CC47B90754}.Release|x64.Build.0 = Release|Any CPU
		{97512854-64E0-47FA-8B95-20CC47B90754}.Release|x86.ActiveCfg = Release|Any CPU
		{97512854-64E0-47FA-8B95-20CC47B90754}.Release|x86.Build.0 = Release|Any CPU
	EndGlobalSection
	GlobalSection(SolutionProperties) = preSolution
		HideSolutionNode = FALSE
	EndGlobalSection
	GlobalSection(NestedProjects) = preSolution
		{2EB35976-5C0F-4B24-A66D-E6262D114418} = {A6B958DF-7AB1-4647-9ED0-6BC3294CCBA9}
		{877CEC99-7E4A-41EE-94E4-5E9DC173565E} = {A6B958DF-7AB1-4647-9ED0-6BC3294CCBA9}
		{F253EE76-A606-42A6-B654-E5AD30EDD47D} = {76240EF8-E034-4BB6-9AAB-C5E6BACD4200}
		{28EE81F9-857E-4451-AF91-AD842ECEE48C} = {5057D4E1-4AD6-40AA-AAAE-B27C67DFEE69}
		{948AC8B7-B26C-47DF-8232-4CF31C94FC0D} = {39B5C303-D0BD-4D4D-B2AE-5EDEB6F010A9}
		{BC1F66F3-6EA5-4008-B5B2-CE931D7B79D7} = {39B5C303-D0BD-4D4D-B2AE-5EDEB6F010A9}
		{DDA61FB1-7F79-4AC2-ABC3-BE62E8E1F568} = {12A376A1-B1E7-41BC-93DD-ABBB56C4669A}
		{64E22760-6A4E-499D-8B3C-552CC408D42F} = {86C6C60E-3D4D-4FDC-AC13-6DA26364595F}
		{5A8B300C-C0C1-4696-AC26-8B52D77128C4} = {12A376A1-B1E7-41BC-93DD-ABBB56C4669A}
		{B05217F9-517A-470E-BC5A-C6D1CE3EF2BE} = {86C6C60E-3D4D-4FDC-AC13-6DA26364595F}
		{97512854-64E0-47FA-8B95-20CC47B90754} = {86C6C60E-3D4D-4FDC-AC13-6DA26364595F}
	EndGlobalSection
EndGlobal
